
Microsoft Visual Studio Solution File, Format Version 12.00
# Visual Studio Version 16
VisualStudioVersion = 16.0.30128.74
MinimumVisualStudioVersion = 10.0.40219.1
Project("{9A19103F-16F7-4668-BE54-9A1E7A4F7556}") = "GenerateCorruptImage", "GenerateCorruptImage\GenerateCorruptImage.csproj", "{AA72A92B-C1FC-4312-8496-2607D7991DD9}"
EndProject
Project("{9A19103F-16F7-4668-BE54-9A1E7A4F7556}") = "RepairCorruptImage", "RepairCorruptImage\RepairCorruptImage.csproj", "{C64A80CD-61EA-40AD-B708-45DB5D2F8878}"
EndProject
Global
	GlobalSection(SolutionConfigurationPlatforms) = preSolution
		Debug|Any CPU = Debug|Any CPU
		Release|Any CPU = Release|Any CPU
	EndGlobalSection
	GlobalSection(ProjectConfigurationPlatforms) = postSolution
		{AA72A92B-C1FC-4312-8496-2607D7991DD9}.Debug|Any CPU.ActiveCfg = Debug|Any CPU
		{AA72A92B-C1FC-4312-8496-2607D7991DD9}.Debug|Any CPU.Build.0 = Debug|Any CPU
		{AA72A92B-C1FC-4312-8496-2607D7991DD9}.Release|Any CPU.ActiveCfg = Release|Any CPU
		{AA72A92B-C1FC-4312-8496-2607D7991DD9}.Release|Any CPU.Build.0 = Release|Any CPU
		{C64A80CD-61EA-40AD-B708-45DB5D2F8878}.Debug|Any CPU.ActiveCfg = Debug|Any CPU
		{C64A80CD-61EA-40AD-B708-45DB5D2F8878}.Debug|Any CPU.Build.0 = Debug|Any CPU
		{C64A80CD-61EA-40AD-B708-45DB5D2F8878}.Release|Any CPU.ActiveCfg = Release|Any CPU
		{C64A80CD-61EA-40AD-B708-45DB5D2F8878}.Release|Any CPU.Build.0 = Release|Any CPU
	EndGlobalSection
	GlobalSection(SolutionProperties) = preSolution
		HideSolutionNode = FALSE
	EndGlobalSection
	GlobalSection(ExtensibilityGlobals) = postSolution
		SolutionGuid = {F798639F-8AB5-4851-A7B6-49C58B3383B3}
	EndGlobalSection
EndGlobal
